{
  "name": "@repackd/crypto2",
  "version": "3.0.0",
  "lockfileVersion": 2,
  "requires": true,
  "packages": {
    "": {
      "name": "@repackd/crypto2",
      "version": "2.9.0",
      "license": "MIT",
      "dependencies": {
        "@repackd/assertion": "^2.9.0",
        "@repackd/base32": "^2.9.0"
      }
    },
    "node_modules/@repackd/assertion": {
      "version": "2.9.0",
      "resolved": "https://registry.npmjs.org/@repackd/assertion/-/assertion-2.9.0.tgz",
      "integrity": "sha512-StDh+jYNLTyfDAsuMCTUNzfHcaK8nrjNLDQ2HiQJA5YrBYnSb2B1SVsNzO8o1faxAYW3kKmjPsLwIaozY9+Fbw=="
    },
    "node_modules/@repackd/base32": {
      "version": "2.9.0",
      "resolved": "https://registry.npmjs.org/@repackd/base32/-/base32-2.9.0.tgz",
      "integrity": "sha512-ScFD8zLOFtoWh/Np9DzN95HqvcsRMIjtHDODav95E6vtG06hx/x6I796jQ2Gi5MgW1TnqLcNdB3UuQCu1jJI1w==",
      "dependencies": {
        "@repackd/assertion": "^2.9.0"
      }
    }
  },
  "dependencies": {
    "@repackd/assertion": {
      "version": "2.9.0",
      "resolved": "https://registry.npmjs.org/@repackd/assertion/-/assertion-2.9.0.tgz",
      "integrity": "sha512-StDh+jYNLTyfDAsuMCTUNzfHcaK8nrjNLDQ2HiQJA5YrBYnSb2B1SVsNzO8o1faxAYW3kKmjPsLwIaozY9+Fbw=="
    },
    "@repackd/base32": {
      "version": "2.9.0",
      "resolved": "https://registry.npmjs.org/@repackd/base32/-/base32-2.9.0.tgz",
      "integrity": "sha512-ScFD8zLOFtoWh/Np9DzN95HqvcsRMIjtHDODav95E6vtG06hx/x6I796jQ2Gi5MgW1TnqLcNdB3UuQCu1jJI1w==",
      "requires": {
        "@repackd/assertion": "^2.9.0"
      }
    }
  }
}
