{
  "name": "@repackd/postgresql",
  "version": "3.0.0",
  "lockfileVersion": 2,
  "requires": true,
  "packages": {
    "": {
      "name": "@repackd/postgresql",
      "version": "2.9.0",
      "license": "MIT",
      "dependencies": {
        "@repackd/assertion": "^2.9.0",
        "luxon": "^2.0.2",
        "postgres": "^3.1.0"
      }
    },
    "node_modules/@repackd/assertion": {
      "version": "2.9.0",
      "resolved": "https://registry.npmjs.org/@repackd/assertion/-/assertion-2.9.0.tgz",
      "integrity": "sha512-StDh+jYNLTyfDAsuMCTUNzfHcaK8nrjNLDQ2HiQJA5YrBYnSb2B1SVsNzO8o1faxAYW3kKmjPsLwIaozY9+Fbw=="
    },
    "node_modules/luxon": {
      "version": "2.3.2",
      "resolved": "https://registry.npmjs.org/luxon/-/luxon-2.3.2.tgz",
      "integrity": "sha512-MlAQQVMFhGk4WUA6gpfsy0QycnKP0+NlCBJRVRNPxxSIbjrCbQ65nrpJD3FVyJNZLuJ0uoqL57ye6BmDYgHaSw==",
      "engines": {
        "node": ">=12"
      }
    },
    "node_modules/postgres": {
      "version": "3.1.0",
      "resolved": "https://registry.npmjs.org/postgres/-/postgres-3.1.0.tgz",
      "integrity": "sha512-yQbJtA7z6SsQuFiF01rmHlkG2gU5IEv9D/Pn2fu8Tz6x3/suNWZs4fIPd59rkL+dfVfhDqYQ7DU3YnUqzEDB5Q==",
      "funding": {
        "type": "individual",
        "url": "https://github.com/sponsors/porsager"
      }
    }
  },
  "dependencies": {
    "@repackd/assertion": {
      "version": "2.9.0",
      "resolved": "https://registry.npmjs.org/@repackd/assertion/-/assertion-2.9.0.tgz",
      "integrity": "sha512-StDh+jYNLTyfDAsuMCTUNzfHcaK8nrjNLDQ2HiQJA5YrBYnSb2B1SVsNzO8o1faxAYW3kKmjPsLwIaozY9+Fbw=="
    },
    "luxon": {
      "version": "2.3.2",
      "resolved": "https://registry.npmjs.org/luxon/-/luxon-2.3.2.tgz",
      "integrity": "sha512-MlAQQVMFhGk4WUA6gpfsy0QycnKP0+NlCBJRVRNPxxSIbjrCbQ65nrpJD3FVyJNZLuJ0uoqL57ye6BmDYgHaSw=="
    },
    "postgres": {
      "version": "3.1.0",
      "resolved": "https://registry.npmjs.org/postgres/-/postgres-3.1.0.tgz",
      "integrity": "sha512-yQbJtA7z6SsQuFiF01rmHlkG2gU5IEv9D/Pn2fu8Tz6x3/suNWZs4fIPd59rkL+dfVfhDqYQ7DU3YnUqzEDB5Q=="
    }
  }
}
