{
  "name": "@repackd/undici2",
  "version": "2.9.0",
  "lockfileVersion": 2,
  "requires": true,
  "packages": {
    "": {
      "name": "@repackd/undici2",
      "version": "2.9.0",
      "license": "MIT",
      "dependencies": {
        "@repackd/assertion": "^2.9.0",
        "multi-part": "^3.0.0",
        "undici": "^5.1.1"
      },
      "devDependencies": {
        "@repackd/uwu": "^2.9.0"
      }
    },
    "node_modules/@repackd/assertion": {
      "version": "2.9.0",
      "resolved": "https://registry.npmjs.org/@repackd/assertion/-/assertion-2.9.0.tgz",
      "integrity": "sha512-StDh+jYNLTyfDAsuMCTUNzfHcaK8nrjNLDQ2HiQJA5YrBYnSb2B1SVsNzO8o1faxAYW3kKmjPsLwIaozY9+Fbw=="
    },
    "node_modules/@repackd/events2": {
      "version": "2.9.0",
      "resolved": "https://registry.npmjs.org/@repackd/events2/-/events2-2.9.0.tgz",
      "integrity": "sha512-ejoVpfPqElZJhbygBVFpxbIzVl+zsl+PU8lq/Cl80ifeSoDB9Dnqc/pyHQc90b8pFfYmYaK3x02CJssJZ2AwwQ==",
      "dev": true,
      "dependencies": {
        "@repackd/assertion": "^2.9.0"
      }
    },
    "node_modules/@repackd/severity": {
      "version": "2.9.0",
      "resolved": "https://registry.npmjs.org/@repackd/severity/-/severity-2.9.0.tgz",
      "integrity": "sha512-Hg9ADv0dPzJiEoT9QvX9vDi3G4wmbX9VXwcSDL/Enopk9dPegt9ap1NQNALkHaX+FXEqIAgLfbhhiWXV0GPPIQ==",
      "dev": true,
      "dependencies": {
        "@repackd/assertion": "^2.9.0"
      }
    },
    "node_modules/@repackd/uwu": {
      "version": "2.9.0",
      "resolved": "https://registry.npmjs.org/@repackd/uwu/-/uwu-2.9.0.tgz",
      "integrity": "sha512-BXPCjKt8kPNVRZPVT9BQNMgSlDve4FZSvbivZtAMwD6Yh2JMOHNZk+LqnOwVvuhVKBV7WdmAKpCtO7OPMEmjcg==",
      "dev": true,
      "dependencies": {
        "@repackd/assertion": "^2.9.0",
        "@repackd/events2": "^2.9.0",
        "@repackd/severity": "^2.9.0",
        "mime-types": "^2.1.34",
        "uWebSockets.js": "github:uNetworking/uWebSockets.js#v20.5.0"
      }
    },
    "node_modules/file-type": {
      "version": "12.4.2",
      "resolved": "https://registry.npmjs.org/file-type/-/file-type-12.4.2.tgz",
      "integrity": "sha512-UssQP5ZgIOKelfsaB5CuGAL+Y+q7EmONuiwF3N5HAH0t27rvrttgi6Ra9k/+DVaY9UF6+ybxu5pOXLUdA8N7Vg==",
      "engines": {
        "node": ">=8"
      }
    },
    "node_modules/mime-db": {
      "version": "1.52.0",
      "resolved": "https://registry.npmjs.org/mime-db/-/mime-db-1.52.0.tgz",
      "integrity": "sha512-sPU4uV7dYlvtWJxwwxHD0PuihVNiE7TyAbQ5SWxDCB9mUYvOgroQOwYQQOKPJ8CIbE+1ETVlOoK1UC2nU3gYvg==",
      "engines": {
        "node": ">= 0.6"
      }
    },
    "node_modules/mime-kind": {
      "version": "3.0.0",
      "resolved": "https://registry.npmjs.org/mime-kind/-/mime-kind-3.0.0.tgz",
      "integrity": "sha512-sx9lClVP7GXY2mO3aVDWTQLhfvAdDvNhGi3o3g7+ae3aKaoybeGbEIlnreoRKjrbDpvlPltlkIryxOtatojeXQ==",
      "dependencies": {
        "file-type": "^12.1.0",
        "mime-types": "^2.1.24"
      },
      "engines": {
        "node": ">=8.3.0"
      }
    },
    "node_modules/mime-types": {
      "version": "2.1.35",
      "resolved": "https://registry.npmjs.org/mime-types/-/mime-types-2.1.35.tgz",
      "integrity": "sha512-ZDY+bPm5zTTF+YpCrAU9nK0UgICYPT0QtT1NZWFv4s++TNkcgVaT0g6+4R2uI4MjQjzysHB1zxuWL50hzaeXiw==",
      "dependencies": {
        "mime-db": "1.52.0"
      },
      "engines": {
        "node": ">= 0.6"
      }
    },
    "node_modules/multi-part": {
      "version": "3.0.0",
      "resolved": "https://registry.npmjs.org/multi-part/-/multi-part-3.0.0.tgz",
      "integrity": "sha512-pDbdYQ6DLDxAsD83w9R7r7rlW56cETL7hIB5bCWX7FJYw0K+kL5JwHr0I8tRk9lGeFcAzf+2OEzXWlG/4wCnFw==",
      "dependencies": {
        "mime-kind": "^3.0.0",
        "multi-part-lite": "^1.0.0"
      },
      "engines": {
        "node": ">=8.3.0"
      }
    },
    "node_modules/multi-part-lite": {
      "version": "1.0.0",
      "resolved": "https://registry.npmjs.org/multi-part-lite/-/multi-part-lite-1.0.0.tgz",
      "integrity": "sha512-KxIRbBZZ45hoKX1ROD/19wJr0ql1bef1rE8Y1PCwD3PuNXV42pp7Wo8lEHYuAajoT4vfAFcd3rPjlkyEEyt1nw==",
      "engines": {
        "node": ">=8.3.0"
      }
    },
    "node_modules/undici": {
      "version": "5.1.1",
      "resolved": "https://registry.npmjs.org/undici/-/undici-5.1.1.tgz",
      "integrity": "sha512-CmK9JzLSMGx+2msOao8LhkKn3J7eKo2M50v0KZQ2XbiHcGqLS1HiIj01ceIm3jbUYlspw/FTSb6nMdSNyvVyaQ==",
      "engines": {
        "node": ">=12.18"
      }
    },
    "node_modules/uWebSockets.js": {
      "version": "20.5.0",
      "resolved": "git+ssh://git@github.com/uNetworking/uWebSockets.js.git#03ee82eb119f2741665e0ff242efc7299acdfa07",
      "dev": true
    }
  },
  "dependencies": {
    "@repackd/assertion": {
      "version": "2.9.0",
      "resolved": "https://registry.npmjs.org/@repackd/assertion/-/assertion-2.9.0.tgz",
      "integrity": "sha512-StDh+jYNLTyfDAsuMCTUNzfHcaK8nrjNLDQ2HiQJA5YrBYnSb2B1SVsNzO8o1faxAYW3kKmjPsLwIaozY9+Fbw=="
    },
    "@repackd/events2": {
      "version": "2.9.0",
      "resolved": "https://registry.npmjs.org/@repackd/events2/-/events2-2.9.0.tgz",
      "integrity": "sha512-ejoVpfPqElZJhbygBVFpxbIzVl+zsl+PU8lq/Cl80ifeSoDB9Dnqc/pyHQc90b8pFfYmYaK3x02CJssJZ2AwwQ==",
      "dev": true,
      "requires": {
        "@repackd/assertion": "^2.9.0"
      }
    },
    "@repackd/severity": {
      "version": "2.9.0",
      "resolved": "https://registry.npmjs.org/@repackd/severity/-/severity-2.9.0.tgz",
      "integrity": "sha512-Hg9ADv0dPzJiEoT9QvX9vDi3G4wmbX9VXwcSDL/Enopk9dPegt9ap1NQNALkHaX+FXEqIAgLfbhhiWXV0GPPIQ==",
      "dev": true,
      "requires": {
        "@repackd/assertion": "^2.9.0"
      }
    },
    "@repackd/uwu": {
      "version": "2.9.0",
      "resolved": "https://registry.npmjs.org/@repackd/uwu/-/uwu-2.9.0.tgz",
      "integrity": "sha512-BXPCjKt8kPNVRZPVT9BQNMgSlDve4FZSvbivZtAMwD6Yh2JMOHNZk+LqnOwVvuhVKBV7WdmAKpCtO7OPMEmjcg==",
      "dev": true,
      "requires": {
        "@repackd/assertion": "^2.9.0",
        "@repackd/events2": "^2.9.0",
        "@repackd/severity": "^2.9.0",
        "mime-types": "^2.1.34",
        "uWebSockets.js": "github:uNetworking/uWebSockets.js#v20.5.0"
      }
    },
    "file-type": {
      "version": "12.4.2",
      "resolved": "https://registry.npmjs.org/file-type/-/file-type-12.4.2.tgz",
      "integrity": "sha512-UssQP5ZgIOKelfsaB5CuGAL+Y+q7EmONuiwF3N5HAH0t27rvrttgi6Ra9k/+DVaY9UF6+ybxu5pOXLUdA8N7Vg=="
    },
    "mime-db": {
      "version": "1.52.0",
      "resolved": "https://registry.npmjs.org/mime-db/-/mime-db-1.52.0.tgz",
      "integrity": "sha512-sPU4uV7dYlvtWJxwwxHD0PuihVNiE7TyAbQ5SWxDCB9mUYvOgroQOwYQQOKPJ8CIbE+1ETVlOoK1UC2nU3gYvg=="
    },
    "mime-kind": {
      "version": "3.0.0",
      "resolved": "https://registry.npmjs.org/mime-kind/-/mime-kind-3.0.0.tgz",
      "integrity": "sha512-sx9lClVP7GXY2mO3aVDWTQLhfvAdDvNhGi3o3g7+ae3aKaoybeGbEIlnreoRKjrbDpvlPltlkIryxOtatojeXQ==",
      "requires": {
        "file-type": "^12.1.0",
        "mime-types": "^2.1.24"
      }
    },
    "mime-types": {
      "version": "2.1.35",
      "resolved": "https://registry.npmjs.org/mime-types/-/mime-types-2.1.35.tgz",
      "integrity": "sha512-ZDY+bPm5zTTF+YpCrAU9nK0UgICYPT0QtT1NZWFv4s++TNkcgVaT0g6+4R2uI4MjQjzysHB1zxuWL50hzaeXiw==",
      "requires": {
        "mime-db": "1.52.0"
      }
    },
    "multi-part": {
      "version": "3.0.0",
      "resolved": "https://registry.npmjs.org/multi-part/-/multi-part-3.0.0.tgz",
      "integrity": "sha512-pDbdYQ6DLDxAsD83w9R7r7rlW56cETL7hIB5bCWX7FJYw0K+kL5JwHr0I8tRk9lGeFcAzf+2OEzXWlG/4wCnFw==",
      "requires": {
        "mime-kind": "^3.0.0",
        "multi-part-lite": "^1.0.0"
      }
    },
    "multi-part-lite": {
      "version": "1.0.0",
      "resolved": "https://registry.npmjs.org/multi-part-lite/-/multi-part-lite-1.0.0.tgz",
      "integrity": "sha512-KxIRbBZZ45hoKX1ROD/19wJr0ql1bef1rE8Y1PCwD3PuNXV42pp7Wo8lEHYuAajoT4vfAFcd3rPjlkyEEyt1nw=="
    },
    "undici": {
      "version": "5.1.1",
      "resolved": "https://registry.npmjs.org/undici/-/undici-5.1.1.tgz",
      "integrity": "sha512-CmK9JzLSMGx+2msOao8LhkKn3J7eKo2M50v0KZQ2XbiHcGqLS1HiIj01ceIm3jbUYlspw/FTSb6nMdSNyvVyaQ=="
    },
    "uWebSockets.js": {
      "version": "git+ssh://git@github.com/uNetworking/uWebSockets.js.git#03ee82eb119f2741665e0ff242efc7299acdfa07",
      "dev": true,
      "from": "uWebSockets.js@github:uNetworking/uWebSockets.js#v20.5.0"
    }
  }
}
