# THIS IS AN AUTOGENERATED FILE. DO NOT EDIT THIS FILE DIRECTLY.
# yarn lockfile v1


file-type@^12.1.0:
  version "12.4.2"
  resolved "https://registry.yarnpkg.com/file-type/-/file-type-12.4.2.tgz#a344ea5664a1d01447ee7fb1b635f72feb6169d9"
  integrity sha512-UssQP5ZgIOKelfsaB5CuGAL+Y+q7EmONuiwF3N5HAH0t27rvrttgi6Ra9k/+DVaY9UF6+ybxu5pOXLUdA8N7Vg==

mime-db@1.49.0:
  version "1.49.0"
  resolved "https://registry.yarnpkg.com/mime-db/-/mime-db-1.49.0.tgz#f3dfde60c99e9cf3bc9701d687778f537001cbed"
  integrity sha512-CIc8j9URtOVApSFCQIF+VBkX1RwXp/oMMOrqdyXSBXq5RWNEsRfyj1kiRnQgmNXmHxPoFIxOroKA3zcU9P+nAA==

mime-kind@^3.0.0:
  version "3.0.0"
  resolved "https://registry.yarnpkg.com/mime-kind/-/mime-kind-3.0.0.tgz#23bb3aba03ed6a1ea8c4f6093a9c7ab7121a9cb2"
  integrity sha512-sx9lClVP7GXY2mO3aVDWTQLhfvAdDvNhGi3o3g7+ae3aKaoybeGbEIlnreoRKjrbDpvlPltlkIryxOtatojeXQ==
  dependencies:
    file-type "^12.1.0"
    mime-types "^2.1.24"

mime-types@^2.1.24:
  version "2.1.32"
  resolved "https://registry.yarnpkg.com/mime-types/-/mime-types-2.1.32.tgz#1d00e89e7de7fe02008db61001d9e02852670fd5"
  integrity sha512-hJGaVS4G4c9TSMYh2n6SQAGrC4RnfU+daP8G7cSCmaqNjiOoUY0VHCMS42pxnQmVF1GWwFhbHWn3RIxCqTmZ9A==
  dependencies:
    mime-db "1.49.0"

multi-part-lite@^1.0.0:
  version "1.0.0"
  resolved "https://registry.yarnpkg.com/multi-part-lite/-/multi-part-lite-1.0.0.tgz#7b86baf8ff83ef20ca13f1269a0f35aec42b9000"
  integrity sha512-KxIRbBZZ45hoKX1ROD/19wJr0ql1bef1rE8Y1PCwD3PuNXV42pp7Wo8lEHYuAajoT4vfAFcd3rPjlkyEEyt1nw==

multi-part@^3.0.0:
  version "3.0.0"
  resolved "https://registry.yarnpkg.com/multi-part/-/multi-part-3.0.0.tgz#2bde386e8c1dcc9f15a2277267a7f5ed13aa0cc0"
  integrity sha512-pDbdYQ6DLDxAsD83w9R7r7rlW56cETL7hIB5bCWX7FJYw0K+kL5JwHr0I8tRk9lGeFcAzf+2OEzXWlG/4wCnFw==
  dependencies:
    mime-kind "^3.0.0"
    multi-part-lite "^1.0.0"

undici@^4.4.2:
  version "4.4.2"
  resolved "https://registry.yarnpkg.com/undici/-/undici-4.4.2.tgz#2c02d5642f24f1d94e86958caf45c3b9ddc07fad"
  integrity sha512-ATdfIjCZgbF2DL/IX7/iURr+UfJA8QJS62GzjPkO1rHdIdwNjo35U9XvfEZ6O60KSQNQFrhokD7oJcExQumDtQ==
