{
  "name": "@repackd/fetch2",
  "version": "3.0.0",
  "lockfileVersion": 2,
  "requires": true,
  "packages": {
    "": {
      "name": "@repackd/fetch2",
      "version": "2.9.0",
      "license": "MIT",
      "dependencies": {
        "@repackd/assertion": "^2.9.0"
      }
    },
    "node_modules/@repackd/assertion": {
      "version": "2.9.0",
      "resolved": "https://registry.npmjs.org/@repackd/assertion/-/assertion-2.9.0.tgz",
      "integrity": "sha512-StDh+jYNLTyfDAsuMCTUNzfHcaK8nrjNLDQ2HiQJA5YrBYnSb2B1SVsNzO8o1faxAYW3kKmjPsLwIaozY9+Fbw=="
    }
  },
  "dependencies": {
    "@repackd/assertion": {
      "version": "2.9.0",
      "resolved": "https://registry.npmjs.org/@repackd/assertion/-/assertion-2.9.0.tgz",
      "integrity": "sha512-StDh+jYNLTyfDAsuMCTUNzfHcaK8nrjNLDQ2HiQJA5YrBYnSb2B1SVsNzO8o1faxAYW3kKmjPsLwIaozY9+Fbw=="
    }
  }
}
